
Microsoft Visual Studio Solution File, Format Version 12.00
# Visual Studio 15
VisualStudioVersion = 15.0.28307.438
MinimumVisualStudioVersion = 10.0.40219.1
Project("{FAE04EC0-301F-11D3-BF4B-00C04F79EFBC}") = "githubd", "githubd\githubd.csproj", "{8B2C13BE-EAE8-4111-9613-E17E51C7BE93}"
EndProject
Global
	GlobalSection(SolutionConfigurationPlatforms) = preSolution
		Debug|Any CPU = Debug|Any CPU
		Release|Any CPU = Release|Any CPU
	EndGlobalSection
	GlobalSection(ProjectConfigurationPlatforms) = postSolution
		{8B2C13BE-EAE8-4111-9613-E17E51C7BE93}.Debug|Any CPU.ActiveCfg = Debug|Any CPU
		{8B2C13BE-EAE8-4111-9613-E17E51C7BE93}.Debug|Any CPU.Build.0 = Debug|Any CPU
		{8B2C13BE-EAE8-4111-9613-E17E51C7BE93}.Release|Any CPU.ActiveCfg = Release|Any CPU
		{8B2C13BE-EAE8-4111-9613-E17E51C7BE93}.Release|Any CPU.Build.0 = Release|Any CPU
	EndGlobalSection
	GlobalSection(SolutionProperties) = preSolution
		HideSolutionNode = FALSE
	EndGlobalSection
	GlobalSection(ExtensibilityGlobals) = postSolution
		SolutionGuid = {76B8F27E-8D20-47DA-9BE5-FFD6A628C324}
	EndGlobalSection
EndGlobal
